
Microsoft Visual Studio Solution File, Format Version 12.00
# Visual Studio 15
VisualStudioVersion = 15.0.27703.2026
MinimumVisualStudioVersion = 10.0.40219.1
Project("{FAE04EC0-301F-11D3-BF4B-00C04F79EFBC}") = "SolidBasics", "SolidBasics\SolidBasics.csproj", "{07679D86-EB4C-4344-BF97-C9EEC278B8B5}"
EndProject
Project("{FAE04EC0-301F-11D3-BF4B-00C04F79EFBC}") = "UnityContainerDemo", "UnityContainerDemo\UnityContainerDemo.csproj", "{6137BA03-BFB4-410E-8F24-214013453A6A}"
EndProject
Global
	GlobalSection(SolutionConfigurationPlatforms) = preSolution
		Debug|Any CPU = Debug|Any CPU
		Release|Any CPU = Release|Any CPU
	EndGlobalSection
	GlobalSection(ProjectConfigurationPlatforms) = postSolution
		{07679D86-EB4C-4344-BF97-C9EEC278B8B5}.Debug|Any CPU.ActiveCfg = Debug|Any CPU
		{07679D86-EB4C-4344-BF97-C9EEC278B8B5}.Debug|Any CPU.Build.0 = Debug|Any CPU
		{07679D86-EB4C-4344-BF97-C9EEC278B8B5}.Release|Any CPU.ActiveCfg = Release|Any CPU
		{07679D86-EB4C-4344-BF97-C9EEC278B8B5}.Release|Any CPU.Build.0 = Release|Any CPU
		{6137BA03-BFB4-410E-8F24-214013453A6A}.Debug|Any CPU.ActiveCfg = Debug|Any CPU
		{6137BA03-BFB4-410E-8F24-214013453A6A}.Debug|Any CPU.Build.0 = Debug|Any CPU
		{6137BA03-BFB4-410E-8F24-214013453A6A}.Release|Any CPU.ActiveCfg = Release|Any CPU
		{6137BA03-BFB4-410E-8F24-214013453A6A}.Release|Any CPU.Build.0 = Release|Any CPU
	EndGlobalSection
	GlobalSection(SolutionProperties) = preSolution
		HideSolutionNode = FALSE
	EndGlobalSection
	GlobalSection(ExtensibilityGlobals) = postSolution
		SolutionGuid = {B8ABBFE2-DBF0-4CFD-8C40-9712E9288561}
	EndGlobalSection
EndGlobal
